// !$*UTF8*$!
{
	archiveVersion = 1;
	classes = {
	};
	objectVersion = 55;
	objects = {

/* Begin PBXBuildFile section */
		03E0C0802A5AF64700B4402F /* AppDelegate.swift in Sources */ = {isa = PBXBuildFile; fileRef = 03E0C07F2A5AF64700B4402F /* AppDelegate.swift */; };
		03E0C0822A5AF64700B4402F /* SceneDelegate.swift in Sources */ = {isa = PBXBuildFile; fileRef = 03E0C0812A5AF64700B4402F /* SceneDelegate.swift */; };
		03E0C08C2A5AF64900B4402F /* Assets.xcassets in Resources */ = {isa = PBXBuildFile; fileRef = 03E0C08B2A5AF64900B4402F /* Assets.xcassets */; };
		03E0C08F2A5AF64900B4402F /* LaunchScreen.storyboard in Resources */ = {isa = PBXBuildFile; fileRef = 03E0C08D2A5AF64900B4402F /* LaunchScreen.storyboard */; };
		03E0C09A2A5AF64A00B4402F /* KlivvrSocialAppIOSTests.swift in Sources */ = {isa = PBXBuildFile; fileRef = 03E0C0992A5AF64A00B4402F /* KlivvrSocialAppIOSTests.swift */; };
		03E0C0A42A5AF64A00B4402F /* KlivvrSocialAppIOSUITests.swift in Sources */ = {isa = PBXBuildFile; fileRef = 03E0C0A32A5AF64A00B4402F /* KlivvrSocialAppIOSUITests.swift */; };
		03E0C0A62A5AF64A00B4402F /* KlivvrSocialAppIOSUITestsLaunchTests.swift in Sources */ = {isa = PBXBuildFile; fileRef = 03E0C0A52A5AF64A00B4402F /* KlivvrSocialAppIOSUITestsLaunchTests.swift */; };
/* End PBXBuildFile section */

/* Begin PBXContainerItemProxy section */
		03E0C0962A5AF64A00B4402F /* PBXContainerItemProxy */ = {
			isa = PBXContainerItemProxy;
			containerPortal = 03E0C0742A5AF64600B4402F /* Project object */;
			proxyType = 1;
			remoteGlobalIDString = 03E0C07B2A5AF64600B4402F;
			remoteInfo = KlivvrSocialAppIOS;
		};
		03E0C0A02A5AF64A00B4402F /* PBXContainerItemProxy */ = {
			isa = PBXContainerItemProxy;
			containerPortal = 03E0C0742A5AF64600B4402F /* Project object */;
			proxyType = 1;
			remoteGlobalIDString = 03E0C07B2A5AF64600B4402F;
			remoteInfo = KlivvrSocialAppIOS;
		};
/* End PBXContainerItemProxy section */

/* Begin PBXFileReference section */
		03E0C07C2A5AF64700B4402F /* KlivvrSocialAppIOS.app */ = {isa = PBXFileReference; explicitFileType = wrapper.application; includeInIndex = 0; path = KlivvrSocialAppIOS.app; sourceTree = BUILT_PRODUCTS_DIR; };
		03E0C07F2A5AF64700B4402F /* AppDelegate.swift */ = {isa = PBXFileReference; lastKnownFileType = sourcecode.swift; path = AppDelegate.swift; sourceTree = "<group>"; };
		03E0C0812A5AF64700B4402F /* SceneDelegate.swift */ = {isa = PBXFileReference; lastKnownFileType = sourcecode.swift; path = SceneDelegate.swift; sourceTree = "<group>"; };
		03E0C08B2A5AF64900B4402F /* Assets.xcassets */ = {isa = PBXFileReference; lastKnownFileType = folder.assetcatalog; path = Assets.xcassets; sourceTree = "<group>"; };
		03E0C08E2A5AF64900B4402F /* Base */ = {isa = PBXFileReference; lastKnownFileType = file.storyboard; name = Base; path = Base.lproj/LaunchScreen.storyboard; sourceTree = "<group>"; };
		03E0C0902A5AF64900B4402F /* Info.plist */ = {isa = PBXFileReference; lastKnownFileType = text.plist.xml; path = Info.plist; sourceTree = "<group>"; };
		03E0C0952A5AF64A00B4402F /* KlivvrSocialAppIOSTests.xctest */ = {isa = PBXFileReference; explicitFileType = wrapper.cfbundle; includeInIndex = 0; path = KlivvrSocialAppIOSTests.xctest; sourceTree = BUILT_PRODUCTS_DIR; };
		03E0C0992A5AF64A00B4402F /* KlivvrSocialAppIOSTests.swift */ = {isa = PBXFileReference; lastKnownFileType = sourcecode.swift; path = KlivvrSocialAppIOSTests.swift; sourceTree = "<group>"; };
		03E0C09F2A5AF64A00B4402F /* KlivvrSocialAppIOSUITests.xctest */ = {isa = PBXFileReference; explicitFileType = wrapper.cfbundle; includeInIndex = 0; path = KlivvrSocialAppIOSUITests.xctest; sourceTree = BUILT_PRODUCTS_DIR; };
		03E0C0A32A5AF64A00B4402F /* KlivvrSocialAppIOSUITests.swift */ = {isa = PBXFileReference; lastKnownFileType = sourcecode.swift; path = KlivvrSocialAppIOSUITests.swift; sourceTree = "<group>"; };
		03E0C0A52A5AF64A00B4402F /* KlivvrSocialAppIOSUITestsLaunchTests.swift */ = {isa = PBXFileReference; lastKnownFileType = sourcecode.swift; path = KlivvrSocialAppIOSUITestsLaunchTests.swift; sourceTree = "<group>"; };
/* End PBXFileReference section */

/* Begin PBXFrameworksBuildPhase section */
		03E0C0792A5AF64600B4402F /* Frameworks */ = {
			isa = PBXFrameworksBuildPhase;
			buildActionMask = 2147483647;
			files = (
			);
			runOnlyForDeploymentPostprocessing = 0;
		};
		03E0C0922A5AF64A00B4402F /* Frameworks */ = {
			isa = PBXFrameworksBuildPhase;
			buildActionMask = 2147483647;
			files = (
			);
			runOnlyForDeploymentPostprocessing = 0;
		};
		03E0C09C2A5AF64A00B4402F /* Frameworks */ = {
			isa = PBXFrameworksBuildPhase;
			buildActionMask = 2147483647;
			files = (
			);
			runOnlyForDeploymentPostprocessing = 0;
		};
/* End PBXFrameworksBuildPhase section */

/* Begin PBXGroup section */
		0392C5742A5C131A002E5684 /* KlivvrFoundation */ = {
			isa = PBXGroup;
			children = (
				0392C5772A5C1371002E5684 /* Components */,
			);
			path = KlivvrFoundation;
			sourceTree = "<group>";
		};
		0392C5772A5C1371002E5684 /* Components */ = {
			isa = PBXGroup;
			children = (
				0392C5842A5C15CF002E5684 /* SupportingFiles */,
				0392C5832A5C15B0002E5684 /* Resources */,
				0392C57F2A5C1533002E5684 /* Externals   */,
				0392C57C2A5C143F002E5684 /* Extension */,
				0392C57B2A5C142D002E5684 /* Core */,
				0392C57A2A5C1416002E5684 /* Configuration */,
				0392C5782A5C13E3002E5684 /* KlivvrButton */,
			);
			path = Components;
			sourceTree = "<group>";
		};
		0392C5782A5C13E3002E5684 /* KlivvrButton */ = {
			isa = PBXGroup;
			children = (
			);
			path = KlivvrButton;
			sourceTree = "<group>";
		};
		0392C57A2A5C1416002E5684 /* Configuration */ = {
			isa = PBXGroup;
			children = (
				03E0C0902A5AF64900B4402F /* Info.plist */,
			);
			path = Configuration;
			sourceTree = "<group>";
		};
		0392C57B2A5C142D002E5684 /* Core */ = {
			isa = PBXGroup;
			children = (
				03E0C0812A5AF64700B4402F /* SceneDelegate.swift */,
				03E0C07F2A5AF64700B4402F /* AppDelegate.swift */,
			);
			path = Core;
			sourceTree = "<group>";
		};
		0392C57C2A5C143F002E5684 /* Extension */ = {
			isa = PBXGroup;
			children = (
				0392C57E2A5C14EF002E5684 /*  Utils */,
				0392C57D2A5C14D3002E5684 /* Ui */,
			);
			path = Extension;
			sourceTree = "<group>";
		};
		0392C57D2A5C14D3002E5684 /* Ui */ = {
			isa = PBXGroup;
			children = (
			);
			path = Ui;
			sourceTree = "<group>";
		};
		0392C57E2A5C14EF002E5684 /*  Utils */ = {
			isa = PBXGroup;
			children = (
			);
			path = " Utils";
			sourceTree = "<group>";
		};
		0392C57F2A5C1533002E5684 /* Externals   */ = {
			isa = PBXGroup;
			children = (
				0392C5822A5C1588002E5684 /* DataNetwork */,
				0392C5812A5C1584002E5684 /* DataManager */,
				0392C5802A5C1574002E5684 /* Coordinator */,
			);
			path = "Externals  ";
			sourceTree = "<group>";
		};
		0392C5802A5C1574002E5684 /* Coordinator */ = {
			isa = PBXGroup;
			children = (
			);
			path = Coordinator;
			sourceTree = "<group>";
		};
		0392C5812A5C1584002E5684 /* DataManager */ = {
			isa = PBXGroup;
			children = (
			);
			path = DataManager;
			sourceTree = "<group>";
		};
		0392C5822A5C1588002E5684 /* DataNetwork */ = {
			isa = PBXGroup;
			children = (
			);
			path = DataNetwork;
			sourceTree = "<group>";
		};
		0392C5832A5C15B0002E5684 /* Resources */ = {
			isa = PBXGroup;
			children = (
				03E0C08D2A5AF64900B4402F /* LaunchScreen.storyboard */,
				03E0C08B2A5AF64900B4402F /* Assets.xcassets */,
			);
			path = Resources;
			sourceTree = "<group>";
		};
		0392C5842A5C15CF002E5684 /* SupportingFiles */ = {
			isa = PBXGroup;
			children = (
				0392C5852A5C15D5002E5684 /* Helper */,
			);
			path = SupportingFiles;
			sourceTree = "<group>";
		};
		0392C5852A5C15D5002E5684 /* Helper */ = {
			isa = PBXGroup;
			children = (
			);
			path = Helper;
			sourceTree = "<group>";
		};
		0392C5862A5C15F6002E5684 /* Modules */ = {
			isa = PBXGroup;
			children = (
				0392C5872A5C1648002E5684 /* Launch */,
			);
			path = Modules;
			sourceTree = "<group>";
		};
		0392C5872A5C1648002E5684 /* Launch */ = {
			isa = PBXGroup;
			children = (
				0392C5882A5C1682002E5684 /* OnBoarding */,
				0392C5892A5C169A002E5684 /* Authentication */,
			);
			path = Launch;
			sourceTree = "<group>";
		};
		0392C5882A5C1682002E5684 /* OnBoarding */ = {
			isa = PBXGroup;
			children = (
			);
			path = OnBoarding;
			sourceTree = "<group>";
		};
		0392C5892A5C169A002E5684 /* Authentication */ = {
			isa = PBXGroup;
			children = (
				0392C58F2A5C16FA002E5684 /* Home */,
				0392C5902A5C16FF002E5684 /* Profile */,
				0392C58E2A5C16F4002E5684 /* Register */,
				0392C58A2A5C16B1002E5684 /* Login */,
			);
			path = Authentication;
			sourceTree = "<group>";
		};
		0392C58A2A5C16B1002E5684 /* Login */ = {
			isa = PBXGroup;
			children = (
				0392C58D2A5C16CA002E5684 /* Presenter */,
				0392C58C2A5C16C1002E5684 /* View */,
				0392C58B2A5C16B8002E5684 /* Model */,
			);
			path = Login;
			sourceTree = "<group>";
		};
		0392C58B2A5C16B8002E5684 /* Model */ = {
			isa = PBXGroup;
			children = (
			);
			path = Model;
			sourceTree = "<group>";
		};
		0392C58C2A5C16C1002E5684 /* View */ = {
			isa = PBXGroup;
			children = (
			);
			path = View;
			sourceTree = "<group>";
		};
		0392C58D2A5C16CA002E5684 /* Presenter */ = {
			isa = PBXGroup;
			children = (
			);
			path = Presenter;
			sourceTree = "<group>";
		};
		0392C58E2A5C16F4002E5684 /* Register */ = {
			isa = PBXGroup;
			children = (
			);
			path = Register;
			sourceTree = "<group>";
		};
		0392C58F2A5C16FA002E5684 /* Home */ = {
			isa = PBXGroup;
			children = (
			);
			path = Home;
			sourceTree = "<group>";
		};
		0392C5902A5C16FF002E5684 /* Profile */ = {
			isa = PBXGroup;
			children = (
			);
			path = Profile;
			sourceTree = "<group>";
		};
		03E0C0732A5AF64600B4402F = {
			isa = PBXGroup;
			children = (
				03E0C07E2A5AF64700B4402F /* KlivvrSocialAppIOS */,
				03E0C0982A5AF64A00B4402F /* KlivvrSocialAppIOSTests */,
				03E0C0A22A5AF64A00B4402F /* KlivvrSocialAppIOSUITests */,
				03E0C07D2A5AF64700B4402F /* Products */,
			);
			sourceTree = "<group>";
		};
		03E0C07D2A5AF64700B4402F /* Products */ = {
			isa = PBXGroup;
			children = (
				03E0C07C2A5AF64700B4402F /* KlivvrSocialAppIOS.app */,
				03E0C0952A5AF64A00B4402F /* KlivvrSocialAppIOSTests.xctest */,
				03E0C09F2A5AF64A00B4402F /* KlivvrSocialAppIOSUITests.xctest */,
			);
			name = Products;
			sourceTree = "<group>";
		};
		03E0C07E2A5AF64700B4402F /* KlivvrSocialAppIOS */ = {
			isa = PBXGroup;
			children = (
				0392C5742A5C131A002E5684 /* KlivvrFoundation */,
				0392C5862A5C15F6002E5684 /* Modules */,
			);
			path = KlivvrSocialAppIOS;
			sourceTree = "<group>";
		};
		03E0C0982A5AF64A00B4402F /* KlivvrSocialAppIOSTests */ = {
			isa = PBXGroup;
			children = (
				03E0C0992A5AF64A00B4402F /* KlivvrSocialAppIOSTests.swift */,
			);
			path = KlivvrSocialAppIOSTests;
			sourceTree = "<group>";
		};
		03E0C0A22A5AF64A00B4402F /* KlivvrSocialAppIOSUITests */ = {
			isa = PBXGroup;
			children = (
				03E0C0A32A5AF64A00B4402F /* KlivvrSocialAppIOSUITests.swift */,
				03E0C0A52A5AF64A00B4402F /* KlivvrSocialAppIOSUITestsLaunchTests.swift */,
			);
			path = KlivvrSocialAppIOSUITests;
			sourceTree = "<group>";
		};
/* End PBXGroup section */

/* Begin PBXNativeTarget section */
		03E0C07B2A5AF64600B4402F /* KlivvrSocialAppIOS */ = {
			isa = PBXNativeTarget;
			buildConfigurationList = 03E0C0A92A5AF64A00B4402F /* Build configuration list for PBXNativeTarget "KlivvrSocialAppIOS" */;
			buildPhases = (
				03E0C0782A5AF64600B4402F /* Sources */,
				03E0C0792A5AF64600B4402F /* Frameworks */,
				03E0C07A2A5AF64600B4402F /* Resources */,
			);
			buildRules = (
			);
			dependencies = (
			);
			name = KlivvrSocialAppIOS;
			productName = KlivvrSocialAppIOS;
			productReference = 03E0C07C2A5AF64700B4402F /* KlivvrSocialAppIOS.app */;
			productType = "com.apple.product-type.application";
		};
		03E0C0942A5AF64A00B4402F /* KlivvrSocialAppIOSTests */ = {
			isa = PBXNativeTarget;
			buildConfigurationList = 03E0C0AC2A5AF64A00B4402F /* Build configuration list for PBXNativeTarget "KlivvrSocialAppIOSTests" */;
			buildPhases = (
				03E0C0912A5AF64A00B4402F /* Sources */,
				03E0C0922A5AF64A00B4402F /* Frameworks */,
				03E0C0932A5AF64A00B4402F /* Resources */,
			);
			buildRules = (
			);
			dependencies = (
				03E0C0972A5AF64A00B4402F /* PBXTargetDependency */,
			);
			name = KlivvrSocialAppIOSTests;
			productName = KlivvrSocialAppIOSTests;
			productReference = 03E0C0952A5AF64A00B4402F /* KlivvrSocialAppIOSTests.xctest */;
			productType = "com.apple.product-type.bundle.unit-test";
		};
		03E0C09E2A5AF64A00B4402F /* KlivvrSocialAppIOSUITests */ = {
			isa = PBXNativeTarget;
			buildConfigurationList = 03E0C0AF2A5AF64A00B4402F /* Build configuration list for PBXNativeTarget "KlivvrSocialAppIOSUITests" */;
			buildPhases = (
				03E0C09B2A5AF64A00B4402F /* Sources */,
				03E0C09C2A5AF64A00B4402F /* Frameworks */,
				03E0C09D2A5AF64A00B4402F /* Resources */,
			);
			buildRules = (
			);
			dependencies = (
				03E0C0A12A5AF64A00B4402F /* PBXTargetDependency */,
			);
			name = KlivvrSocialAppIOSUITests;
			productName = KlivvrSocialAppIOSUITests;
			productReference = 03E0C09F2A5AF64A00B4402F /* KlivvrSocialAppIOSUITests.xctest */;
			productType = "com.apple.product-type.bundle.ui-testing";
		};
/* End PBXNativeTarget section */

/* Begin PBXProject section */
		03E0C0742A5AF64600B4402F /* Project object */ = {
			isa = PBXProject;
			attributes = {
				BuildIndependentTargetsInParallel = 1;
				LastSwiftUpdateCheck = 1420;
				LastUpgradeCheck = 1420;
				TargetAttributes = {
					03E0C07B2A5AF64600B4402F = {
						CreatedOnToolsVersion = 14.2;
					};
					03E0C0942A5AF64A00B4402F = {
						CreatedOnToolsVersion = 14.2;
						TestTargetID = 03E0C07B2A5AF64600B4402F;
					};
					03E0C09E2A5AF64A00B4402F = {
						CreatedOnToolsVersion = 14.2;
						TestTargetID = 03E0C07B2A5AF64600B4402F;
					};
				};
			};
			buildConfigurationList = 03E0C0772A5AF64600B4402F /* Build configuration list for PBXProject "KlivvrSocialAppIOS" */;
			compatibilityVersion = "Xcode 13.0";
			developmentRegion = en;
			hasScannedForEncodings = 0;
			knownRegions = (
				en,
				Base,
			);
			mainGroup = 03E0C0732A5AF64600B4402F;
			productRefGroup = 03E0C07D2A5AF64700B4402F /* Products */;
			projectDirPath = "";
			projectRoot = "";
			targets = (
				03E0C07B2A5AF64600B4402F /* KlivvrSocialAppIOS */,
				03E0C0942A5AF64A00B4402F /* KlivvrSocialAppIOSTests */,
				03E0C09E2A5AF64A00B4402F /* KlivvrSocialAppIOSUITests */,
			);
		};
/* End PBXProject section */

/* Begin PBXResourcesBuildPhase section */
		03E0C07A2A5AF64600B4402F /* Resources */ = {
			isa = PBXResourcesBuildPhase;
			buildActionMask = 2147483647;
			files = (
				03E0C08F2A5AF64900B4402F /* LaunchScreen.storyboard in Resources */,
				03E0C08C2A5AF64900B4402F /* Assets.xcassets in Resources */,
			);
			runOnlyForDeploymentPostprocessing = 0;
		};
		03E0C0932A5AF64A00B4402F /* Resources */ = {
			isa = PBXResourcesBuildPhase;
			buildActionMask = 2147483647;
			files = (
			);
			runOnlyForDeploymentPostprocessing = 0;
		};
		03E0C09D2A5AF64A00B4402F /* Resources */ = {
			isa = PBXResourcesBuildPhase;
			buildActionMask = 2147483647;
			files = (
			);
			runOnlyForDeploymentPostprocessing = 0;
		};
/* End PBXResourcesBuildPhase section */

/* Begin PBXSourcesBuildPhase section */
		03E0C0782A5AF64600B4402F /* Sources */ = {
			isa = PBXSourcesBuildPhase;
			buildActionMask = 2147483647;
			files = (
				03E0C0802A5AF64700B4402F /* AppDelegate.swift in Sources */,
				03E0C0822A5AF64700B4402F /* SceneDelegate.swift in Sources */,
			);
			runOnlyForDeploymentPostprocessing = 0;
		};
		03E0C0912A5AF64A00B4402F /* Sources */ = {
			isa = PBXSourcesBuildPhase;
			buildActionMask = 2147483647;
			files = (
				03E0C09A2A5AF64A00B4402F /* KlivvrSocialAppIOSTests.swift in Sources */,
			);
			runOnlyForDeploymentPostprocessing = 0;
		};
		03E0C09B2A5AF64A00B4402F /* Sources */ = {
			isa = PBXSourcesBuildPhase;
			buildActionMask = 2147483647;
			files = (
				03E0C0A42A5AF64A00B4402F /* KlivvrSocialAppIOSUITests.swift in Sources */,
				03E0C0A62A5AF64A00B4402F /* KlivvrSocialAppIOSUITestsLaunchTests.swift in Sources */,
			);
			runOnlyForDeploymentPostprocessing = 0;
		};
/* End PBXSourcesBuildPhase section */

/* Begin PBXTargetDependency section */
		03E0C0972A5AF64A00B4402F /* PBXTargetDependency */ = {
			isa = PBXTargetDependency;
			target = 03E0C07B2A5AF64600B4402F /* KlivvrSocialAppIOS */;
			targetProxy = 03E0C0962A5AF64A00B4402F /* PBXContainerItemProxy */;
		};
		03E0C0A12A5AF64A00B4402F /* PBXTargetDependency */ = {
			isa = PBXTargetDependency;
			target = 03E0C07B2A5AF64600B4402F /* KlivvrSocialAppIOS */;
			targetProxy = 03E0C0A02A5AF64A00B4402F /* PBXContainerItemProxy */;
		};
/* End PBXTargetDependency section */

/* Begin PBXVariantGroup section */
		03E0C08D2A5AF64900B4402F /* LaunchScreen.storyboard */ = {
			isa = PBXVariantGroup;
			children = (
				03E0C08E2A5AF64900B4402F /* Base */,
			);
			name = LaunchScreen.storyboard;
			sourceTree = "<group>";
		};
/* End PBXVariantGroup section */

/* Begin XCBuildConfiguration section */
		03E0C0A72A5AF64A00B4402F /* Debug */ = {
			isa = XCBuildConfiguration;
			buildSettings = {
				ALWAYS_SEARCH_USER_PATHS = NO;
				CLANG_ANALYZER_NONNULL = YES;
				CLANG_ANALYZER_NUMBER_OBJECT_CONVERSION = YES_AGGRESSIVE;
				CLANG_CXX_LANGUAGE_STANDARD = "gnu++20";
				CLANG_ENABLE_MODULES = YES;
				CLANG_ENABLE_OBJC_ARC = YES;
				CLANG_ENABLE_OBJC_WEAK = YES;
				CLANG_WARN_BLOCK_CAPTURE_AUTORELEASING = YES;
				CLANG_WARN_BOOL_CONVERSION = YES;
				CLANG_WARN_COMMA = YES;
				CLANG_WARN_CONSTANT_CONVERSION = YES;
				CLANG_WARN_DEPRECATED_OBJC_IMPLEMENTATIONS = YES;
				CLANG_WARN_DIRECT_OBJC_ISA_USAGE = YES_ERROR;
				CLANG_WARN_DOCUMENTATION_COMMENTS = YES;
				CLANG_WARN_EMPTY_BODY = YES;
				CLANG_WARN_ENUM_CONVERSION = YES;
				CLANG_WARN_INFINITE_RECURSION = YES;
				CLANG_WARN_INT_CONVERSION = YES;
				CLANG_WARN_NON_LITERAL_NULL_CONVERSION = YES;
				CLANG_WARN_OBJC_IMPLICIT_RETAIN_SELF = YES;
				CLANG_WARN_OBJC_LITERAL_CONVERSION = YES;
				CLANG_WARN_OBJC_ROOT_CLASS = YES_ERROR;
				CLANG_WARN_QUOTED_INCLUDE_IN_FRAMEWORK_HEADER = YES;
				CLANG_WARN_RANGE_LOOP_ANALYSIS = YES;
				CLANG_WARN_STRICT_PROTOTYPES = YES;
				CLANG_WARN_SUSPICIOUS_MOVE = YES;
				CLANG_WARN_UNGUARDED_AVAILABILITY = YES_AGGRESSIVE;
				CLANG_WARN_UNREACHABLE_CODE = YES;
				CLANG_WARN__DUPLICATE_METHOD_MATCH = YES;
				COPY_PHASE_STRIP = NO;
				DEBUG_INFORMATION_FORMAT = dwarf;
				ENABLE_STRICT_OBJC_MSGSEND = YES;
				ENABLE_TESTABILITY = YES;
				GCC_C_LANGUAGE_STANDARD = gnu11;
				GCC_DYNAMIC_NO_PIC = NO;
				GCC_NO_COMMON_BLOCKS = YES;
				GCC_OPTIMIZATION_LEVEL = 0;
				GCC_PREPROCESSOR_DEFINITIONS = (
					"DEBUG=1",
					"$(inherited)",
				);
				GCC_WARN_64_TO_32_BIT_CONVERSION = YES;
				GCC_WARN_ABOUT_RETURN_TYPE = YES_ERROR;
				GCC_WARN_UNDECLARED_SELECTOR = YES;
				GCC_WARN_UNINITIALIZED_AUTOS = YES_AGGRESSIVE;
				GCC_WARN_UNUSED_FUNCTION = YES;
				GCC_WARN_UNUSED_VARIABLE = YES;
				IPHONEOS_DEPLOYMENT_TARGET = 16.2;
				MTL_ENABLE_DEBUG_INFO = INCLUDE_SOURCE;
				MTL_FAST_MATH = YES;
				ONLY_ACTIVE_ARCH = YES;
				SDKROOT = iphoneos;
				SWIFT_ACTIVE_COMPILATION_CONDITIONS = DEBUG;
				SWIFT_OPTIMIZATION_LEVEL = "-Onone";
			};
			name = Debug;
		};
		03E0C0A82A5AF64A00B4402F /* Release */ = {
			isa = XCBuildConfiguration;
			buildSettings = {
				ALWAYS_SEARCH_USER_PATHS = NO;
				CLANG_ANALYZER_NONNULL = YES;
				CLANG_ANALYZER_NUMBER_OBJECT_CONVERSION = YES_AGGRESSIVE;
				CLANG_CXX_LANGUAGE_STANDARD = "gnu++20";
				CLANG_ENABLE_MODULES = YES;
				CLANG_ENABLE_OBJC_ARC = YES;
				CLANG_ENABLE_OBJC_WEAK = YES;
				CLANG_WARN_BLOCK_CAPTURE_AUTORELEASING = YES;
				CLANG_WARN_BOOL_CONVERSION = YES;
				CLANG_WARN_COMMA = YES;
				CLANG_WARN_CONSTANT_CONVERSION = YES;
				CLANG_WARN_DEPRECATED_OBJC_IMPLEMENTATIONS = YES;
				CLANG_WARN_DIRECT_OBJC_ISA_USAGE = YES_ERROR;
				CLANG_WARN_DOCUMENTATION_COMMENTS = YES;
				CLANG_WARN_EMPTY_BODY = YES;
				CLANG_WARN_ENUM_CONVERSION = YES;
				CLANG_WARN_INFINITE_RECURSION = YES;
				CLANG_WARN_INT_CONVERSION = YES;
				CLANG_WARN_NON_LITERAL_NULL_CONVERSION = YES;
				CLANG_WARN_OBJC_IMPLICIT_RETAIN_SELF = YES;
				CLANG_WARN_OBJC_LITERAL_CONVERSION = YES;
				CLANG_WARN_OBJC_ROOT_CLASS = YES_ERROR;
				CLANG_WARN_QUOTED_INCLUDE_IN_FRAMEWORK_HEADER = YES;
				CLANG_WARN_RANGE_LOOP_ANALYSIS = YES;
				CLANG_WARN_STRICT_PROTOTYPES = YES;
				CLANG_WARN_SUSPICIOUS_MOVE = YES;
				CLANG_WARN_UNGUARDED_AVAILABILITY = YES_AGGRESSIVE;
				CLANG_WARN_UNREACHABLE_CODE = YES;
				CLANG_WARN__DUPLICATE_METHOD_MATCH = YES;
				COPY_PHASE_STRIP = NO;
				DEBUG_INFORMATION_FORMAT = "dwarf-with-dsym";
				ENABLE_NS_ASSERTIONS = NO;
				ENABLE_STRICT_OBJC_MSGSEND = YES;
				GCC_C_LANGUAGE_STANDARD = gnu11;
				GCC_NO_COMMON_BLOCKS = YES;
				GCC_WARN_64_TO_32_BIT_CONVERSION = YES;
				GCC_WARN_ABOUT_RETURN_TYPE = YES_ERROR;
				GCC_WARN_UNDECLARED_SELECTOR = YES;
				GCC_WARN_UNINITIALIZED_AUTOS = YES_AGGRESSIVE;
				GCC_WARN_UNUSED_FUNCTION = YES;
				GCC_WARN_UNUSED_VARIABLE = YES;
				IPHONEOS_DEPLOYMENT_TARGET = 16.2;
				MTL_ENABLE_DEBUG_INFO = NO;
				MTL_FAST_MATH = YES;
				SDKROOT = iphoneos;
				SWIFT_COMPILATION_MODE = wholemodule;
				SWIFT_OPTIMIZATION_LEVEL = "-O";
				VALIDATE_PRODUCT = YES;
			};
			name = Release;
		};
		03E0C0AA2A5AF64A00B4402F /* Debug */ = {
			isa = XCBuildConfiguration;
			buildSettings = {
				ASSETCATALOG_COMPILER_APPICON_NAME = AppIcon;
				ASSETCATALOG_COMPILER_GLOBAL_ACCENT_COLOR_NAME = AccentColor;
				CODE_SIGN_STYLE = Automatic;
				CURRENT_PROJECT_VERSION = 1;
				GENERATE_INFOPLIST_FILE = YES;
				INFOPLIST_FILE = KlivvrSocialAppIOS/KlivvrFoundation/Components/Configuration/Info.plist;
				INFOPLIST_KEY_UIApplicationSupportsIndirectInputEvents = YES;
				INFOPLIST_KEY_UILaunchStoryboardName = LaunchScreen;
				INFOPLIST_KEY_UIMainStoryboardFile = "";
				INFOPLIST_KEY_UISupportedInterfaceOrientations_iPad = "UIInterfaceOrientationPortrait UIInterfaceOrientationPortraitUpsideDown UIInterfaceOrientationLandscapeLeft UIInterfaceOrientationLandscapeRight";
				INFOPLIST_KEY_UISupportedInterfaceOrientations_iPhone = "UIInterfaceOrientationPortrait UIInterfaceOrientationLandscapeLeft UIInterfaceOrientationLandscapeRight";
				LD_RUNPATH_SEARCH_PATHS = (
					"$(inherited)",
					"@executable_path/Frameworks",
				);
				MARKETING_VERSION = 1.0;
				PRODUCT_BUNDLE_IDENTIFIER = ITI.KlivvrSocialAppIOS;
				PRODUCT_NAME = "$(TARGET_NAME)";
				SWIFT_EMIT_LOC_STRINGS = YES;
				SWIFT_VERSION = 5.0;
				TARGETED_DEVICE_FAMILY = "1,2";
			};
			name = Debug;
		};
		03E0C0AB2A5AF64A00B4402F /* Release */ = {
			isa = XCBuildConfiguration;
			buildSettings = {
				ASSETCATALOG_COMPILER_APPICON_NAME = AppIcon;
				ASSETCATALOG_COMPILER_GLOBAL_ACCENT_COLOR_NAME = AccentColor;
				CODE_SIGN_STYLE = Automatic;
				CURRENT_PROJECT_VERSION = 1;
				GENERATE_INFOPLIST_FILE = YES;
				INFOPLIST_FILE = KlivvrSocialAppIOS/KlivvrFoundation/Components/Configuration/Info.plist;
				INFOPLIST_KEY_UIApplicationSupportsIndirectInputEvents = YES;
				INFOPLIST_KEY_UILaunchStoryboardName = LaunchScreen;
				INFOPLIST_KEY_UIMainStoryboardFile = "";
				INFOPLIST_KEY_UISupportedInterfaceOrientations_iPad = "UIInterfaceOrientationPortrait UIInterfaceOrientationPortraitUpsideDown UIInterfaceOrientationLandscapeLeft UIInterfaceOrientationLandscapeRight";
				INFOPLIST_KEY_UISupportedInterfaceOrientations_iPhone = "UIInterfaceOrientationPortrait UIInterfaceOrientationLandscapeLeft UIInterfaceOrientationLandscapeRight";
				LD_RUNPATH_SEARCH_PATHS = (
					"$(inherited)",
					"@executable_path/Frameworks",
				);
				MARKETING_VERSION = 1.0;
				PRODUCT_BUNDLE_IDENTIFIER = ITI.KlivvrSocialAppIOS;
				PRODUCT_NAME = "$(TARGET_NAME)";
				SWIFT_EMIT_LOC_STRINGS = YES;
				SWIFT_VERSION = 5.0;
				TARGETED_DEVICE_FAMILY = "1,2";
			};
			name = Release;
		};
		03E0C0AD2A5AF64A00B4402F /* Debug */ = {
			isa = XCBuildConfiguration;
			buildSettings = {
				ALWAYS_EMBED_SWIFT_STANDARD_LIBRARIES = YES;
				BUNDLE_LOADER = "$(TEST_HOST)";
				CODE_SIGN_STYLE = Automatic;
				CURRENT_PROJECT_VERSION = 1;
				GENERATE_INFOPLIST_FILE = YES;
				IPHONEOS_DEPLOYMENT_TARGET = 16.2;
				MARKETING_VERSION = 1.0;
				PRODUCT_BUNDLE_IDENTIFIER = ITI.KlivvrSocialAppIOSTests;
				PRODUCT_NAME = "$(TARGET_NAME)";
				SWIFT_EMIT_LOC_STRINGS = NO;
				SWIFT_VERSION = 5.0;
				TARGETED_DEVICE_FAMILY = "1,2";
				TEST_HOST = "$(BUILT_PRODUCTS_DIR)/KlivvrSocialAppIOS.app/$(BUNDLE_EXECUTABLE_FOLDER_PATH)/KlivvrSocialAppIOS";
			};
			name = Debug;
		};
		03E0C0AE2A5AF64A00B4402F /* Release */ = {
			isa = XCBuildConfiguration;
			buildSettings = {
				ALWAYS_EMBED_SWIFT_STANDARD_LIBRARIES = YES;
				BUNDLE_LOADER = "$(TEST_HOST)";
				CODE_SIGN_STYLE = Automatic;
				CURRENT_PROJECT_VERSION = 1;
				GENERATE_INFOPLIST_FILE = YES;
				IPHONEOS_DEPLOYMENT_TARGET = 16.2;
				MARKETING_VERSION = 1.0;
				PRODUCT_BUNDLE_IDENTIFIER = ITI.KlivvrSocialAppIOSTests;
				PRODUCT_NAME = "$(TARGET_NAME)";
				SWIFT_EMIT_LOC_STRINGS = NO;
				SWIFT_VERSION = 5.0;
				TARGETED_DEVICE_FAMILY = "1,2";
				TEST_HOST = "$(BUILT_PRODUCTS_DIR)/KlivvrSocialAppIOS.app/$(BUNDLE_EXECUTABLE_FOLDER_PATH)/KlivvrSocialAppIOS";
			};
			name = Release;
		};
		03E0C0B02A5AF64A00B4402F /* Debug */ = {
			isa = XCBuildConfiguration;
			buildSettings = {
				ALWAYS_EMBED_SWIFT_STANDARD_LIBRARIES = YES;
				CODE_SIGN_STYLE = Automatic;
				CURRENT_PROJECT_VERSION = 1;
				GENERATE_INFOPLIST_FILE = YES;
				MARKETING_VERSION = 1.0;
				PRODUCT_BUNDLE_IDENTIFIER = ITI.KlivvrSocialAppIOSUITests;
				PRODUCT_NAME = "$(TARGET_NAME)";
				SWIFT_EMIT_LOC_STRINGS = NO;
				SWIFT_VERSION = 5.0;
				TARGETED_DEVICE_FAMILY = "1,2";
				TEST_TARGET_NAME = KlivvrSocialAppIOS;
			};
			name = Debug;
		};
		03E0C0B12A5AF64A00B4402F /* Release */ = {
			isa = XCBuildConfiguration;
			buildSettings = {
				ALWAYS_EMBED_SWIFT_STANDARD_LIBRARIES = YES;
				CODE_SIGN_STYLE = Automatic;
				CURRENT_PROJECT_VERSION = 1;
				GENERATE_INFOPLIST_FILE = YES;
				MARKETING_VERSION = 1.0;
				PRODUCT_BUNDLE_IDENTIFIER = ITI.KlivvrSocialAppIOSUITests;
				PRODUCT_NAME = "$(TARGET_NAME)";
				SWIFT_EMIT_LOC_STRINGS = NO;
				SWIFT_VERSION = 5.0;
				TARGETED_DEVICE_FAMILY = "1,2";
				TEST_TARGET_NAME = KlivvrSocialAppIOS;
			};
			name = Release;
		};
/* End XCBuildConfiguration section */

/* Begin XCConfigurationList section */
		03E0C0772A5AF64600B4402F /* Build configuration list for PBXProject "KlivvrSocialAppIOS" */ = {
			isa = XCConfigurationList;
			buildConfigurations = (
				03E0C0A72A5AF64A00B4402F /* Debug */,
				03E0C0A82A5AF64A00B4402F /* Release */,
			);
			defaultConfigurationIsVisible = 0;
			defaultConfigurationName = Release;
		};
		03E0C0A92A5AF64A00B4402F /* Build configuration list for PBXNativeTarget "KlivvrSocialAppIOS" */ = {
			isa = XCConfigurationList;
			buildConfigurations = (
				03E0C0AA2A5AF64A00B4402F /* Debug */,
				03E0C0AB2A5AF64A00B4402F /* Release */,
			);
			defaultConfigurationIsVisible = 0;
			defaultConfigurationName = Release;
		};
		03E0C0AC2A5AF64A00B4402F /* Build configuration list for PBXNativeTarget "KlivvrSocialAppIOSTests" */ = {
			isa = XCConfigurationList;
			buildConfigurations = (
				03E0C0AD2A5AF64A00B4402F /* Debug */,
				03E0C0AE2A5AF64A00B4402F /* Release */,
			);
			defaultConfigurationIsVisible = 0;
			defaultConfigurationName = Release;
		};
		03E0C0AF2A5AF64A00B4402F /* Build configuration list for PBXNativeTarget "KlivvrSocialAppIOSUITests" */ = {
			isa = XCConfigurationList;
			buildConfigurations = (
				03E0C0B02A5AF64A00B4402F /* Debug */,
				03E0C0B12A5AF64A00B4402F /* Release */,
			);
			defaultConfigurationIsVisible = 0;
			defaultConfigurationName = Release;
		};
/* End XCConfigurationList section */
	};
	rootObject = 03E0C0742A5AF64600B4402F /* Project object */;
}
