// !$*UTF8*$!
{
	archiveVersion = 1;
	classes = {
	};
	objectVersion = 55;
	objects = {

/* Begin PBXBuildFile section */
		035A6ABA2A5EB0470044EE11 /* Constatns.swift in Sources */ = {isa = PBXBuildFile; fileRef = 035A6AB92A5EB0470044EE11 /* Constatns.swift */; };
		035A6ABC2A5EB24B0044EE11 /* Endpoint.swift in Sources */ = {isa = PBXBuildFile; fileRef = 035A6ABB2A5EB24B0044EE11 /* Endpoint.swift */; };
		035A6ABE2A5EB31D0044EE11 /* NetworkManager.swift in Sources */ = {isa = PBXBuildFile; fileRef = 035A6ABD2A5EB31D0044EE11 /* NetworkManager.swift */; };
		035A6AC02A5EB3970044EE11 /* NetworkError.swift in Sources */ = {isa = PBXBuildFile; fileRef = 035A6ABF2A5EB3970044EE11 /* NetworkError.swift */; };
		03E0C0802A5AF64700B4402F /* AppDelegate.swift in Sources */ = {isa = PBXBuildFile; fileRef = 03E0C07F2A5AF64700B4402F /* AppDelegate.swift */; };
		03E0C0822A5AF64700B4402F /* SceneDelegate.swift in Sources */ = {isa = PBXBuildFile; fileRef = 03E0C0812A5AF64700B4402F /* SceneDelegate.swift */; };
		03E0C08C2A5AF64900B4402F /* Assets.xcassets in Resources */ = {isa = PBXBuildFile; fileRef = 03E0C08B2A5AF64900B4402F /* Assets.xcassets */; };
		03E0C08F2A5AF64900B4402F /* LaunchScreen.storyboard in Resources */ = {isa = PBXBuildFile; fileRef = 03E0C08D2A5AF64900B4402F /* LaunchScreen.storyboard */; };
		03E0C09A2A5AF64A00B4402F /* KlivvrSocialAppIOSTests.swift in Sources */ = {isa = PBXBuildFile; fileRef = 03E0C0992A5AF64A00B4402F /* KlivvrSocialAppIOSTests.swift */; };
		03E0C0A42A5AF64A00B4402F /* KlivvrSocialAppIOSUITests.swift in Sources */ = {isa = PBXBuildFile; fileRef = 03E0C0A32A5AF64A00B4402F /* KlivvrSocialAppIOSUITests.swift */; };
		03E0C0A62A5AF64A00B4402F /* KlivvrSocialAppIOSUITestsLaunchTests.swift in Sources */ = {isa = PBXBuildFile; fileRef = 03E0C0A52A5AF64A00B4402F /* KlivvrSocialAppIOSUITestsLaunchTests.swift */; };
		2B3C48F32A669F820087202E /* AppCoordinator.swift in Sources */ = {isa = PBXBuildFile; fileRef = 2B3C48F22A669F820087202E /* AppCoordinator.swift */; };
		5D0D7BB2481E17375E74B3C1 /* Pods_KlivvrSocialAppIOS_KlivvrSocialAppIOSUITests.framework in Frameworks */ = {isa = PBXBuildFile; fileRef = D63DDD5F797D750467BC741F /* Pods_KlivvrSocialAppIOS_KlivvrSocialAppIOSUITests.framework */; };
		6F3F0D3ABA57579EF5C6D419 /* Pods_KlivvrSocialAppIOSTests.framework in Frameworks */ = {isa = PBXBuildFile; fileRef = 4AB8C633261DA7B48C5E7A1F /* Pods_KlivvrSocialAppIOSTests.framework */; };
		8A92C9A45C6F48C63B4AF286 /* Pods_KlivvrSocialAppIOS.framework in Frameworks */ = {isa = PBXBuildFile; fileRef = 4C6D5157C1022771BC2CDC14 /* Pods_KlivvrSocialAppIOS.framework */; };
/* End PBXBuildFile section */

/* Begin PBXContainerItemProxy section */
		03E0C0962A5AF64A00B4402F /* PBXContainerItemProxy */ = {
			isa = PBXContainerItemProxy;
			containerPortal = 03E0C0742A5AF64600B4402F /* Project object */;
			proxyType = 1;
			remoteGlobalIDString = 03E0C07B2A5AF64600B4402F;
			remoteInfo = KlivvrSocialAppIOS;
		};
		03E0C0A02A5AF64A00B4402F /* PBXContainerItemProxy */ = {
			isa = PBXContainerItemProxy;
			containerPortal = 03E0C0742A5AF64600B4402F /* Project object */;
			proxyType = 1;
			remoteGlobalIDString = 03E0C07B2A5AF64600B4402F;
			remoteInfo = KlivvrSocialAppIOS;
		};
/* End PBXContainerItemProxy section */

/* Begin PBXFileReference section */
		035A6AB92A5EB0470044EE11 /* Constatns.swift */ = {isa = PBXFileReference; lastKnownFileType = sourcecode.swift; path = Constatns.swift; sourceTree = "<group>"; };
		035A6ABB2A5EB24B0044EE11 /* Endpoint.swift */ = {isa = PBXFileReference; lastKnownFileType = sourcecode.swift; path = Endpoint.swift; sourceTree = "<group>"; };
		035A6ABD2A5EB31D0044EE11 /* NetworkManager.swift */ = {isa = PBXFileReference; lastKnownFileType = sourcecode.swift; path = NetworkManager.swift; sourceTree = "<group>"; };
		035A6ABF2A5EB3970044EE11 /* NetworkError.swift */ = {isa = PBXFileReference; lastKnownFileType = sourcecode.swift; path = NetworkError.swift; sourceTree = "<group>"; };
		03E0C07C2A5AF64700B4402F /* KlivvrSocialAppIOS.app */ = {isa = PBXFileReference; explicitFileType = wrapper.application; includeInIndex = 0; path = KlivvrSocialAppIOS.app; sourceTree = BUILT_PRODUCTS_DIR; };
		03E0C07F2A5AF64700B4402F /* AppDelegate.swift */ = {isa = PBXFileReference; lastKnownFileType = sourcecode.swift; path = AppDelegate.swift; sourceTree = "<group>"; };
		03E0C0812A5AF64700B4402F /* SceneDelegate.swift */ = {isa = PBXFileReference; lastKnownFileType = sourcecode.swift; path = SceneDelegate.swift; sourceTree = "<group>"; };
		03E0C08B2A5AF64900B4402F /* Assets.xcassets */ = {isa = PBXFileReference; lastKnownFileType = folder.assetcatalog; path = Assets.xcassets; sourceTree = "<group>"; };
		03E0C08E2A5AF64900B4402F /* Base */ = {isa = PBXFileReference; lastKnownFileType = file.storyboard; name = Base; path = Base.lproj/LaunchScreen.storyboard; sourceTree = "<group>"; };
		03E0C0902A5AF64900B4402F /* Info.plist */ = {isa = PBXFileReference; lastKnownFileType = text.plist.xml; path = Info.plist; sourceTree = "<group>"; };
		03E0C0952A5AF64A00B4402F /* KlivvrSocialAppIOSTests.xctest */ = {isa = PBXFileReference; explicitFileType = wrapper.cfbundle; includeInIndex = 0; path = KlivvrSocialAppIOSTests.xctest; sourceTree = BUILT_PRODUCTS_DIR; };
		03E0C0992A5AF64A00B4402F /* KlivvrSocialAppIOSTests.swift */ = {isa = PBXFileReference; lastKnownFileType = sourcecode.swift; path = KlivvrSocialAppIOSTests.swift; sourceTree = "<group>"; };
		03E0C09F2A5AF64A00B4402F /* KlivvrSocialAppIOSUITests.xctest */ = {isa = PBXFileReference; explicitFileType = wrapper.cfbundle; includeInIndex = 0; path = KlivvrSocialAppIOSUITests.xctest; sourceTree = BUILT_PRODUCTS_DIR; };
		03E0C0A32A5AF64A00B4402F /* KlivvrSocialAppIOSUITests.swift */ = {isa = PBXFileReference; lastKnownFileType = sourcecode.swift; path = KlivvrSocialAppIOSUITests.swift; sourceTree = "<group>"; };
		03E0C0A52A5AF64A00B4402F /* KlivvrSocialAppIOSUITestsLaunchTests.swift */ = {isa = PBXFileReference; lastKnownFileType = sourcecode.swift; path = KlivvrSocialAppIOSUITestsLaunchTests.swift; sourceTree = "<group>"; };
		2B3C48F22A669F820087202E /* AppCoordinator.swift */ = {isa = PBXFileReference; lastKnownFileType = sourcecode.swift; path = AppCoordinator.swift; sourceTree = "<group>"; };
		42B845C96475E5D9726DDFE3 /* Pods-KlivvrSocialAppIOSTests.debug.xcconfig */ = {isa = PBXFileReference; includeInIndex = 1; lastKnownFileType = text.xcconfig; name = "Pods-KlivvrSocialAppIOSTests.debug.xcconfig"; path = "Target Support Files/Pods-KlivvrSocialAppIOSTests/Pods-KlivvrSocialAppIOSTests.debug.xcconfig"; sourceTree = "<group>"; };
		4AB8C633261DA7B48C5E7A1F /* Pods_KlivvrSocialAppIOSTests.framework */ = {isa = PBXFileReference; explicitFileType = wrapper.framework; includeInIndex = 0; path = Pods_KlivvrSocialAppIOSTests.framework; sourceTree = BUILT_PRODUCTS_DIR; };
		4C6D5157C1022771BC2CDC14 /* Pods_KlivvrSocialAppIOS.framework */ = {isa = PBXFileReference; explicitFileType = wrapper.framework; includeInIndex = 0; path = Pods_KlivvrSocialAppIOS.framework; sourceTree = BUILT_PRODUCTS_DIR; };
		58E2E1C4C9A2B6235CBE07DC /* Pods-KlivvrSocialAppIOS-KlivvrSocialAppIOSUITests.release.xcconfig */ = {isa = PBXFileReference; includeInIndex = 1; lastKnownFileType = text.xcconfig; name = "Pods-KlivvrSocialAppIOS-KlivvrSocialAppIOSUITests.release.xcconfig"; path = "Target Support Files/Pods-KlivvrSocialAppIOS-KlivvrSocialAppIOSUITests/Pods-KlivvrSocialAppIOS-KlivvrSocialAppIOSUITests.release.xcconfig"; sourceTree = "<group>"; };
		86DC69D9D78A0E934F34B276 /* Pods-KlivvrSocialAppIOS-KlivvrSocialAppIOSUITests.debug.xcconfig */ = {isa = PBXFileReference; includeInIndex = 1; lastKnownFileType = text.xcconfig; name = "Pods-KlivvrSocialAppIOS-KlivvrSocialAppIOSUITests.debug.xcconfig"; path = "Target Support Files/Pods-KlivvrSocialAppIOS-KlivvrSocialAppIOSUITests/Pods-KlivvrSocialAppIOS-KlivvrSocialAppIOSUITests.debug.xcconfig"; sourceTree = "<group>"; };
		A6C8BBE492ADCE00399D7E23 /* Pods-KlivvrSocialAppIOSTests.release.xcconfig */ = {isa = PBXFileReference; includeInIndex = 1; lastKnownFileType = text.xcconfig; name = "Pods-KlivvrSocialAppIOSTests.release.xcconfig"; path = "Target Support Files/Pods-KlivvrSocialAppIOSTests/Pods-KlivvrSocialAppIOSTests.release.xcconfig"; sourceTree = "<group>"; };
		BD6357643E745FE4479CBCE0 /* Pods-KlivvrSocialAppIOS.release.xcconfig */ = {isa = PBXFileReference; includeInIndex = 1; lastKnownFileType = text.xcconfig; name = "Pods-KlivvrSocialAppIOS.release.xcconfig"; path = "Target Support Files/Pods-KlivvrSocialAppIOS/Pods-KlivvrSocialAppIOS.release.xcconfig"; sourceTree = "<group>"; };
		C952800AC79DBC2EBC67CED8 /* Pods-KlivvrSocialAppIOS.debug.xcconfig */ = {isa = PBXFileReference; includeInIndex = 1; lastKnownFileType = text.xcconfig; name = "Pods-KlivvrSocialAppIOS.debug.xcconfig"; path = "Target Support Files/Pods-KlivvrSocialAppIOS/Pods-KlivvrSocialAppIOS.debug.xcconfig"; sourceTree = "<group>"; };
		D63DDD5F797D750467BC741F /* Pods_KlivvrSocialAppIOS_KlivvrSocialAppIOSUITests.framework */ = {isa = PBXFileReference; explicitFileType = wrapper.framework; includeInIndex = 0; path = Pods_KlivvrSocialAppIOS_KlivvrSocialAppIOSUITests.framework; sourceTree = BUILT_PRODUCTS_DIR; };
/* End PBXFileReference section */

/* Begin PBXFrameworksBuildPhase section */
		03E0C0792A5AF64600B4402F /* Frameworks */ = {
			isa = PBXFrameworksBuildPhase;
			buildActionMask = 2147483647;
			files = (
				8A92C9A45C6F48C63B4AF286 /* Pods_KlivvrSocialAppIOS.framework in Frameworks */,
			);
			runOnlyForDeploymentPostprocessing = 0;
		};
		03E0C0922A5AF64A00B4402F /* Frameworks */ = {
			isa = PBXFrameworksBuildPhase;
			buildActionMask = 2147483647;
			files = (
				6F3F0D3ABA57579EF5C6D419 /* Pods_KlivvrSocialAppIOSTests.framework in Frameworks */,
			);
			runOnlyForDeploymentPostprocessing = 0;
		};
		03E0C09C2A5AF64A00B4402F /* Frameworks */ = {
			isa = PBXFrameworksBuildPhase;
			buildActionMask = 2147483647;
			files = (
				5D0D7BB2481E17375E74B3C1 /* Pods_KlivvrSocialAppIOS_KlivvrSocialAppIOSUITests.framework in Frameworks */,
			);
			runOnlyForDeploymentPostprocessing = 0;
		};
/* End PBXFrameworksBuildPhase section */

/* Begin PBXGroup section */
		0392C5742A5C131A002E5684 /* KlivvrFoundation */ = {
			isa = PBXGroup;
			children = (
				0392C57A2A5C1416002E5684 /* Configuration */,
				0392C57B2A5C142D002E5684 /* Core */,
				0392C57F2A5C1533002E5684 /* Externals   */,
				0392C5832A5C15B0002E5684 /* Resources */,
				2B3C48ED2A669EC90087202E /* SupportingFiles */,
				2B3C48EF2A669EEC0087202E /* Extension */,
				0392C5772A5C1371002E5684 /* Components */,
			);
			path = KlivvrFoundation;
			sourceTree = "<group>";
		};
		0392C5772A5C1371002E5684 /* Components */ = {
			isa = PBXGroup;
			children = (
			);
			path = Components;
			sourceTree = "<group>";
		};
		0392C57A2A5C1416002E5684 /* Configuration */ = {
			isa = PBXGroup;
			children = (
				03E0C0902A5AF64900B4402F /* Info.plist */,
			);
			path = Configuration;
			sourceTree = "<group>";
		};
		0392C57B2A5C142D002E5684 /* Core */ = {
			isa = PBXGroup;
			children = (
				03E0C0812A5AF64700B4402F /* SceneDelegate.swift */,
				03E0C07F2A5AF64700B4402F /* AppDelegate.swift */,
			);
			path = Core;
			sourceTree = "<group>";
		};
		0392C57F2A5C1533002E5684 /* Externals   */ = {
			isa = PBXGroup;
			children = (
				2B3C48EB2A669EAE0087202E /* DataManager */,
				2B3C48EA2A669E8D0087202E /* Coordinator */,
				0392C5822A5C1588002E5684 /* DataNetwork */,
			);
			path = "Externals  ";
			sourceTree = "<group>";
		};
		0392C5822A5C1588002E5684 /* DataNetwork */ = {
			isa = PBXGroup;
			children = (
				035A6AB92A5EB0470044EE11 /* Constatns.swift */,
				035A6ABB2A5EB24B0044EE11 /* Endpoint.swift */,
				035A6ABD2A5EB31D0044EE11 /* NetworkManager.swift */,
				035A6ABF2A5EB3970044EE11 /* NetworkError.swift */,
			);
			path = DataNetwork;
			sourceTree = "<group>";
		};
		0392C5832A5C15B0002E5684 /* Resources */ = {
			isa = PBXGroup;
			children = (
				03E0C08D2A5AF64900B4402F /* LaunchScreen.storyboard */,
				03E0C08B2A5AF64900B4402F /* Assets.xcassets */,
			);
			path = Resources;
			sourceTree = "<group>";
		};
		03E0C0732A5AF64600B4402F = {
			isa = PBXGroup;
			children = (
				03E0C07E2A5AF64700B4402F /* KlivvrSocialAppIOS */,
				03E0C0982A5AF64A00B4402F /* KlivvrSocialAppIOSTests */,
				03E0C0A22A5AF64A00B4402F /* KlivvrSocialAppIOSUITests */,
				03E0C07D2A5AF64700B4402F /* Products */,
				B608B46A02286F9C009F884B /* Pods */,
				68A7F1399E54E71E9034E04C /* Frameworks */,
			);
			sourceTree = "<group>";
		};
		03E0C07D2A5AF64700B4402F /* Products */ = {
			isa = PBXGroup;
			children = (
				03E0C07C2A5AF64700B4402F /* KlivvrSocialAppIOS.app */,
				03E0C0952A5AF64A00B4402F /* KlivvrSocialAppIOSTests.xctest */,
				03E0C09F2A5AF64A00B4402F /* KlivvrSocialAppIOSUITests.xctest */,
			);
			name = Products;
			sourceTree = "<group>";
		};
		03E0C07E2A5AF64700B4402F /* KlivvrSocialAppIOS */ = {
			isa = PBXGroup;
			children = (
				0392C5742A5C131A002E5684 /* KlivvrFoundation */,
				2B3C48F42A669FEC0087202E /* Modules */,
			);
			path = KlivvrSocialAppIOS;
			sourceTree = "<group>";
		};
		03E0C0982A5AF64A00B4402F /* KlivvrSocialAppIOSTests */ = {
			isa = PBXGroup;
			children = (
				03E0C0992A5AF64A00B4402F /* KlivvrSocialAppIOSTests.swift */,
			);
			path = KlivvrSocialAppIOSTests;
			sourceTree = "<group>";
		};
		03E0C0A22A5AF64A00B4402F /* KlivvrSocialAppIOSUITests */ = {
			isa = PBXGroup;
			children = (
				03E0C0A32A5AF64A00B4402F /* KlivvrSocialAppIOSUITests.swift */,
				03E0C0A52A5AF64A00B4402F /* KlivvrSocialAppIOSUITestsLaunchTests.swift */,
			);
			path = KlivvrSocialAppIOSUITests;
			sourceTree = "<group>";
		};
		2B3C48EA2A669E8D0087202E /* Coordinator */ = {
			isa = PBXGroup;
			children = (
				2B3C48F22A669F820087202E /* AppCoordinator.swift */,
			);
			path = Coordinator;
			sourceTree = "<group>";
		};
		2B3C48EB2A669EAE0087202E /* DataManager */ = {
			isa = PBXGroup;
			children = (
			);
			path = DataManager;
			sourceTree = "<group>";
		};
		2B3C48ED2A669EC90087202E /* SupportingFiles */ = {
			isa = PBXGroup;
			children = (
				2B3C48EE2A669ED70087202E /* Helper */,
			);
			path = SupportingFiles;
			sourceTree = "<group>";
		};
		2B3C48EE2A669ED70087202E /* Helper */ = {
			isa = PBXGroup;
			children = (
			);
			path = Helper;
			sourceTree = "<group>";
		};
		2B3C48EF2A669EEC0087202E /* Extension */ = {
			isa = PBXGroup;
			children = (
				2B3C48F12A669EF80087202E /* Utils */,
				2B3C48F02A669EF30087202E /* UI */,
			);
			path = Extension;
			sourceTree = "<group>";
		};
		2B3C48F02A669EF30087202E /* UI */ = {
			isa = PBXGroup;
			children = (
			);
			path = UI;
			sourceTree = "<group>";
		};
		2B3C48F12A669EF80087202E /* Utils */ = {
			isa = PBXGroup;
			children = (
			);
			path = Utils;
			sourceTree = "<group>";
		};
		2B3C48F42A669FEC0087202E /* Modules */ = {
			isa = PBXGroup;
			children = (
				2B3C48F52A669FF30087202E /* Splash */,
			);
			path = Modules;
			sourceTree = "<group>";
		};
		2B3C48F52A669FF30087202E /* Splash */ = {
			isa = PBXGroup;
			children = (
			);
			path = Splash;
			sourceTree = "<group>";
		};
		68A7F1399E54E71E9034E04C /* Frameworks */ = {
			isa = PBXGroup;
			children = (
				4C6D5157C1022771BC2CDC14 /* Pods_KlivvrSocialAppIOS.framework */,
				D63DDD5F797D750467BC741F /* Pods_KlivvrSocialAppIOS_KlivvrSocialAppIOSUITests.framework */,
				4AB8C633261DA7B48C5E7A1F /* Pods_KlivvrSocialAppIOSTests.framework */,
			);
			name = Frameworks;
			sourceTree = "<group>";
		};
		B608B46A02286F9C009F884B /* Pods */ = {
			isa = PBXGroup;
			children = (
				C952800AC79DBC2EBC67CED8 /* Pods-KlivvrSocialAppIOS.debug.xcconfig */,
				BD6357643E745FE4479CBCE0 /* Pods-KlivvrSocialAppIOS.release.xcconfig */,
				86DC69D9D78A0E934F34B276 /* Pods-KlivvrSocialAppIOS-KlivvrSocialAppIOSUITests.debug.xcconfig */,
				58E2E1C4C9A2B6235CBE07DC /* Pods-KlivvrSocialAppIOS-KlivvrSocialAppIOSUITests.release.xcconfig */,
				42B845C96475E5D9726DDFE3 /* Pods-KlivvrSocialAppIOSTests.debug.xcconfig */,
				A6C8BBE492ADCE00399D7E23 /* Pods-KlivvrSocialAppIOSTests.release.xcconfig */,
			);
			path = Pods;
			sourceTree = "<group>";
		};
/* End PBXGroup section */

/* Begin PBXNativeTarget section */
		03E0C07B2A5AF64600B4402F /* KlivvrSocialAppIOS */ = {
			isa = PBXNativeTarget;
			buildConfigurationList = 03E0C0A92A5AF64A00B4402F /* Build configuration list for PBXNativeTarget "KlivvrSocialAppIOS" */;
			buildPhases = (
				3BD2FCE9F1D3C218C2D26B30 /* [CP] Check Pods Manifest.lock */,
				03E0C0782A5AF64600B4402F /* Sources */,
				03E0C0792A5AF64600B4402F /* Frameworks */,
				03E0C07A2A5AF64600B4402F /* Resources */,
				5153F19BAAD06A536B784012 /* [CP] Embed Pods Frameworks */,
			);
			buildRules = (
			);
			dependencies = (
			);
			name = KlivvrSocialAppIOS;
			productName = KlivvrSocialAppIOS;
			productReference = 03E0C07C2A5AF64700B4402F /* KlivvrSocialAppIOS.app */;
			productType = "com.apple.product-type.application";
		};
		03E0C0942A5AF64A00B4402F /* KlivvrSocialAppIOSTests */ = {
			isa = PBXNativeTarget;
			buildConfigurationList = 03E0C0AC2A5AF64A00B4402F /* Build configuration list for PBXNativeTarget "KlivvrSocialAppIOSTests" */;
			buildPhases = (
				2F2E28B8C6CEC7F1D9319BD3 /* [CP] Check Pods Manifest.lock */,
				03E0C0912A5AF64A00B4402F /* Sources */,
				03E0C0922A5AF64A00B4402F /* Frameworks */,
				03E0C0932A5AF64A00B4402F /* Resources */,
			);
			buildRules = (
			);
			dependencies = (
				03E0C0972A5AF64A00B4402F /* PBXTargetDependency */,
			);
			name = KlivvrSocialAppIOSTests;
			productName = KlivvrSocialAppIOSTests;
			productReference = 03E0C0952A5AF64A00B4402F /* KlivvrSocialAppIOSTests.xctest */;
			productType = "com.apple.product-type.bundle.unit-test";
		};
		03E0C09E2A5AF64A00B4402F /* KlivvrSocialAppIOSUITests */ = {
			isa = PBXNativeTarget;
			buildConfigurationList = 03E0C0AF2A5AF64A00B4402F /* Build configuration list for PBXNativeTarget "KlivvrSocialAppIOSUITests" */;
			buildPhases = (
				35C8E3F0BDE61E52A781394F /* [CP] Check Pods Manifest.lock */,
				03E0C09B2A5AF64A00B4402F /* Sources */,
				03E0C09C2A5AF64A00B4402F /* Frameworks */,
				03E0C09D2A5AF64A00B4402F /* Resources */,
				7F92B6856AF61B15BFB6E3BE /* [CP] Embed Pods Frameworks */,
			);
			buildRules = (
			);
			dependencies = (
				03E0C0A12A5AF64A00B4402F /* PBXTargetDependency */,
			);
			name = KlivvrSocialAppIOSUITests;
			productName = KlivvrSocialAppIOSUITests;
			productReference = 03E0C09F2A5AF64A00B4402F /* KlivvrSocialAppIOSUITests.xctest */;
			productType = "com.apple.product-type.bundle.ui-testing";
		};
/* End PBXNativeTarget section */

/* Begin PBXProject section */
		03E0C0742A5AF64600B4402F /* Project object */ = {
			isa = PBXProject;
			attributes = {
				BuildIndependentTargetsInParallel = 1;
				LastSwiftUpdateCheck = 1420;
				LastUpgradeCheck = 1420;
				TargetAttributes = {
					03E0C07B2A5AF64600B4402F = {
						CreatedOnToolsVersion = 14.2;
					};
					03E0C0942A5AF64A00B4402F = {
						CreatedOnToolsVersion = 14.2;
						TestTargetID = 03E0C07B2A5AF64600B4402F;
					};
					03E0C09E2A5AF64A00B4402F = {
						CreatedOnToolsVersion = 14.2;
						TestTargetID = 03E0C07B2A5AF64600B4402F;
					};
				};
			};
			buildConfigurationList = 03E0C0772A5AF64600B4402F /* Build configuration list for PBXProject "KlivvrSocialAppIOS" */;
			compatibilityVersion = "Xcode 13.0";
			developmentRegion = en;
			hasScannedForEncodings = 0;
			knownRegions = (
				en,
				Base,
			);
			mainGroup = 03E0C0732A5AF64600B4402F;
			productRefGroup = 03E0C07D2A5AF64700B4402F /* Products */;
			projectDirPath = "";
			projectRoot = "";
			targets = (
				03E0C07B2A5AF64600B4402F /* KlivvrSocialAppIOS */,
				03E0C0942A5AF64A00B4402F /* KlivvrSocialAppIOSTests */,
				03E0C09E2A5AF64A00B4402F /* KlivvrSocialAppIOSUITests */,
			);
		};
/* End PBXProject section */

/* Begin PBXResourcesBuildPhase section */
		03E0C07A2A5AF64600B4402F /* Resources */ = {
			isa = PBXResourcesBuildPhase;
			buildActionMask = 2147483647;
			files = (
				03E0C08F2A5AF64900B4402F /* LaunchScreen.storyboard in Resources */,
				03E0C08C2A5AF64900B4402F /* Assets.xcassets in Resources */,
			);
			runOnlyForDeploymentPostprocessing = 0;
		};
		03E0C0932A5AF64A00B4402F /* Resources */ = {
			isa = PBXResourcesBuildPhase;
			buildActionMask = 2147483647;
			files = (
			);
			runOnlyForDeploymentPostprocessing = 0;
		};
		03E0C09D2A5AF64A00B4402F /* Resources */ = {
			isa = PBXResourcesBuildPhase;
			buildActionMask = 2147483647;
			files = (
			);
			runOnlyForDeploymentPostprocessing = 0;
		};
/* End PBXResourcesBuildPhase section */

/* Begin PBXShellScriptBuildPhase section */
		2F2E28B8C6CEC7F1D9319BD3 /* [CP] Check Pods Manifest.lock */ = {
			isa = PBXShellScriptBuildPhase;
			buildActionMask = 2147483647;
			files = (
			);
			inputFileListPaths = (
			);
			inputPaths = (
				"${PODS_PODFILE_DIR_PATH}/Podfile.lock",
				"${PODS_ROOT}/Manifest.lock",
			);
			name = "[CP] Check Pods Manifest.lock";
			outputFileListPaths = (
			);
			outputPaths = (
				"$(DERIVED_FILE_DIR)/Pods-KlivvrSocialAppIOSTests-checkManifestLockResult.txt",
			);
			runOnlyForDeploymentPostprocessing = 0;
			shellPath = /bin/sh;
			shellScript = "diff \"${PODS_PODFILE_DIR_PATH}/Podfile.lock\" \"${PODS_ROOT}/Manifest.lock\" > /dev/null\nif [ $? != 0 ] ; then\n    # print error to STDERR\n    echo \"error: The sandbox is not in sync with the Podfile.lock. Run 'pod install' or update your CocoaPods installation.\" >&2\n    exit 1\nfi\n# This output is used by Xcode 'outputs' to avoid re-running this script phase.\necho \"SUCCESS\" > \"${SCRIPT_OUTPUT_FILE_0}\"\n";
			showEnvVarsInLog = 0;
		};
		35C8E3F0BDE61E52A781394F /* [CP] Check Pods Manifest.lock */ = {
			isa = PBXShellScriptBuildPhase;
			buildActionMask = 2147483647;
			files = (
			);
			inputFileListPaths = (
			);
			inputPaths = (
				"${PODS_PODFILE_DIR_PATH}/Podfile.lock",
				"${PODS_ROOT}/Manifest.lock",
			);
			name = "[CP] Check Pods Manifest.lock";
			outputFileListPaths = (
			);
			outputPaths = (
				"$(DERIVED_FILE_DIR)/Pods-KlivvrSocialAppIOS-KlivvrSocialAppIOSUITests-checkManifestLockResult.txt",
			);
			runOnlyForDeploymentPostprocessing = 0;
			shellPath = /bin/sh;
			shellScript = "diff \"${PODS_PODFILE_DIR_PATH}/Podfile.lock\" \"${PODS_ROOT}/Manifest.lock\" > /dev/null\nif [ $? != 0 ] ; then\n    # print error to STDERR\n    echo \"error: The sandbox is not in sync with the Podfile.lock. Run 'pod install' or update your CocoaPods installation.\" >&2\n    exit 1\nfi\n# This output is used by Xcode 'outputs' to avoid re-running this script phase.\necho \"SUCCESS\" > \"${SCRIPT_OUTPUT_FILE_0}\"\n";
			showEnvVarsInLog = 0;
		};
		3BD2FCE9F1D3C218C2D26B30 /* [CP] Check Pods Manifest.lock */ = {
			isa = PBXShellScriptBuildPhase;
			buildActionMask = 2147483647;
			files = (
			);
			inputFileListPaths = (
			);
			inputPaths = (
				"${PODS_PODFILE_DIR_PATH}/Podfile.lock",
				"${PODS_ROOT}/Manifest.lock",
			);
			name = "[CP] Check Pods Manifest.lock";
			outputFileListPaths = (
			);
			outputPaths = (
				"$(DERIVED_FILE_DIR)/Pods-KlivvrSocialAppIOS-checkManifestLockResult.txt",
			);
			runOnlyForDeploymentPostprocessing = 0;
			shellPath = /bin/sh;
			shellScript = "diff \"${PODS_PODFILE_DIR_PATH}/Podfile.lock\" \"${PODS_ROOT}/Manifest.lock\" > /dev/null\nif [ $? != 0 ] ; then\n    # print error to STDERR\n    echo \"error: The sandbox is not in sync with the Podfile.lock. Run 'pod install' or update your CocoaPods installation.\" >&2\n    exit 1\nfi\n# This output is used by Xcode 'outputs' to avoid re-running this script phase.\necho \"SUCCESS\" > \"${SCRIPT_OUTPUT_FILE_0}\"\n";
			showEnvVarsInLog = 0;
		};
		5153F19BAAD06A536B784012 /* [CP] Embed Pods Frameworks */ = {
			isa = PBXShellScriptBuildPhase;
			buildActionMask = 2147483647;
			files = (
			);
			inputFileListPaths = (
				"${PODS_ROOT}/Target Support Files/Pods-KlivvrSocialAppIOS/Pods-KlivvrSocialAppIOS-frameworks-${CONFIGURATION}-input-files.xcfilelist",
			);
			name = "[CP] Embed Pods Frameworks";
			outputFileListPaths = (
				"${PODS_ROOT}/Target Support Files/Pods-KlivvrSocialAppIOS/Pods-KlivvrSocialAppIOS-frameworks-${CONFIGURATION}-output-files.xcfilelist",
			);
			runOnlyForDeploymentPostprocessing = 0;
			shellPath = /bin/sh;
			shellScript = "\"${PODS_ROOT}/Target Support Files/Pods-KlivvrSocialAppIOS/Pods-KlivvrSocialAppIOS-frameworks.sh\"\n";
			showEnvVarsInLog = 0;
		};
		7F92B6856AF61B15BFB6E3BE /* [CP] Embed Pods Frameworks */ = {
			isa = PBXShellScriptBuildPhase;
			buildActionMask = 2147483647;
			files = (
			);
			inputFileListPaths = (
				"${PODS_ROOT}/Target Support Files/Pods-KlivvrSocialAppIOS-KlivvrSocialAppIOSUITests/Pods-KlivvrSocialAppIOS-KlivvrSocialAppIOSUITests-frameworks-${CONFIGURATION}-input-files.xcfilelist",
			);
			name = "[CP] Embed Pods Frameworks";
			outputFileListPaths = (
				"${PODS_ROOT}/Target Support Files/Pods-KlivvrSocialAppIOS-KlivvrSocialAppIOSUITests/Pods-KlivvrSocialAppIOS-KlivvrSocialAppIOSUITests-frameworks-${CONFIGURATION}-output-files.xcfilelist",
			);
			runOnlyForDeploymentPostprocessing = 0;
			shellPath = /bin/sh;
			shellScript = "\"${PODS_ROOT}/Target Support Files/Pods-KlivvrSocialAppIOS-KlivvrSocialAppIOSUITests/Pods-KlivvrSocialAppIOS-KlivvrSocialAppIOSUITests-frameworks.sh\"\n";
			showEnvVarsInLog = 0;
		};
/* End PBXShellScriptBuildPhase section */

/* Begin PBXSourcesBuildPhase section */
		03E0C0782A5AF64600B4402F /* Sources */ = {
			isa = PBXSourcesBuildPhase;
			buildActionMask = 2147483647;
			files = (
				03E0C0802A5AF64700B4402F /* AppDelegate.swift in Sources */,
				035A6ABA2A5EB0470044EE11 /* Constatns.swift in Sources */,
				035A6ABE2A5EB31D0044EE11 /* NetworkManager.swift in Sources */,
				035A6AC02A5EB3970044EE11 /* NetworkError.swift in Sources */,
				035A6ABC2A5EB24B0044EE11 /* Endpoint.swift in Sources */,
				03E0C0822A5AF64700B4402F /* SceneDelegate.swift in Sources */,
				2B3C48F32A669F820087202E /* AppCoordinator.swift in Sources */,
			);
			runOnlyForDeploymentPostprocessing = 0;
		};
		03E0C0912A5AF64A00B4402F /* Sources */ = {
			isa = PBXSourcesBuildPhase;
			buildActionMask = 2147483647;
			files = (
				03E0C09A2A5AF64A00B4402F /* KlivvrSocialAppIOSTests.swift in Sources */,
			);
			runOnlyForDeploymentPostprocessing = 0;
		};
		03E0C09B2A5AF64A00B4402F /* Sources */ = {
			isa = PBXSourcesBuildPhase;
			buildActionMask = 2147483647;
			files = (
				03E0C0A42A5AF64A00B4402F /* KlivvrSocialAppIOSUITests.swift in Sources */,
				03E0C0A62A5AF64A00B4402F /* KlivvrSocialAppIOSUITestsLaunchTests.swift in Sources */,
			);
			runOnlyForDeploymentPostprocessing = 0;
		};
/* End PBXSourcesBuildPhase section */

/* Begin PBXTargetDependency section */
		03E0C0972A5AF64A00B4402F /* PBXTargetDependency */ = {
			isa = PBXTargetDependency;
			target = 03E0C07B2A5AF64600B4402F /* KlivvrSocialAppIOS */;
			targetProxy = 03E0C0962A5AF64A00B4402F /* PBXContainerItemProxy */;
		};
		03E0C0A12A5AF64A00B4402F /* PBXTargetDependency */ = {
			isa = PBXTargetDependency;
			target = 03E0C07B2A5AF64600B4402F /* KlivvrSocialAppIOS */;
			targetProxy = 03E0C0A02A5AF64A00B4402F /* PBXContainerItemProxy */;
		};
/* End PBXTargetDependency section */

/* Begin PBXVariantGroup section */
		03E0C08D2A5AF64900B4402F /* LaunchScreen.storyboard */ = {
			isa = PBXVariantGroup;
			children = (
				03E0C08E2A5AF64900B4402F /* Base */,
			);
			name = LaunchScreen.storyboard;
			sourceTree = "<group>";
		};
/* End PBXVariantGroup section */

/* Begin XCBuildConfiguration section */
		03E0C0A72A5AF64A00B4402F /* Debug */ = {
			isa = XCBuildConfiguration;
			buildSettings = {
				ALWAYS_SEARCH_USER_PATHS = NO;
				CLANG_ANALYZER_NONNULL = YES;
				CLANG_ANALYZER_NUMBER_OBJECT_CONVERSION = YES_AGGRESSIVE;
				CLANG_CXX_LANGUAGE_STANDARD = "gnu++20";
				CLANG_ENABLE_MODULES = YES;
				CLANG_ENABLE_OBJC_ARC = YES;
				CLANG_ENABLE_OBJC_WEAK = YES;
				CLANG_WARN_BLOCK_CAPTURE_AUTORELEASING = YES;
				CLANG_WARN_BOOL_CONVERSION = YES;
				CLANG_WARN_COMMA = YES;
				CLANG_WARN_CONSTANT_CONVERSION = YES;
				CLANG_WARN_DEPRECATED_OBJC_IMPLEMENTATIONS = YES;
				CLANG_WARN_DIRECT_OBJC_ISA_USAGE = YES_ERROR;
				CLANG_WARN_DOCUMENTATION_COMMENTS = YES;
				CLANG_WARN_EMPTY_BODY = YES;
				CLANG_WARN_ENUM_CONVERSION = YES;
				CLANG_WARN_INFINITE_RECURSION = YES;
				CLANG_WARN_INT_CONVERSION = YES;
				CLANG_WARN_NON_LITERAL_NULL_CONVERSION = YES;
				CLANG_WARN_OBJC_IMPLICIT_RETAIN_SELF = YES;
				CLANG_WARN_OBJC_LITERAL_CONVERSION = YES;
				CLANG_WARN_OBJC_ROOT_CLASS = YES_ERROR;
				CLANG_WARN_QUOTED_INCLUDE_IN_FRAMEWORK_HEADER = YES;
				CLANG_WARN_RANGE_LOOP_ANALYSIS = YES;
				CLANG_WARN_STRICT_PROTOTYPES = YES;
				CLANG_WARN_SUSPICIOUS_MOVE = YES;
				CLANG_WARN_UNGUARDED_AVAILABILITY = YES_AGGRESSIVE;
				CLANG_WARN_UNREACHABLE_CODE = YES;
				CLANG_WARN__DUPLICATE_METHOD_MATCH = YES;
				COPY_PHASE_STRIP = NO;
				DEBUG_INFORMATION_FORMAT = dwarf;
				ENABLE_STRICT_OBJC_MSGSEND = YES;
				ENABLE_TESTABILITY = YES;
				GCC_C_LANGUAGE_STANDARD = gnu11;
				GCC_DYNAMIC_NO_PIC = NO;
				GCC_NO_COMMON_BLOCKS = YES;
				GCC_OPTIMIZATION_LEVEL = 0;
				GCC_PREPROCESSOR_DEFINITIONS = (
					"DEBUG=1",
					"$(inherited)",
				);
				GCC_WARN_64_TO_32_BIT_CONVERSION = YES;
				GCC_WARN_ABOUT_RETURN_TYPE = YES_ERROR;
				GCC_WARN_UNDECLARED_SELECTOR = YES;
				GCC_WARN_UNINITIALIZED_AUTOS = YES_AGGRESSIVE;
				GCC_WARN_UNUSED_FUNCTION = YES;
				GCC_WARN_UNUSED_VARIABLE = YES;
				IPHONEOS_DEPLOYMENT_TARGET = 16.2;
				MTL_ENABLE_DEBUG_INFO = INCLUDE_SOURCE;
				MTL_FAST_MATH = YES;
				ONLY_ACTIVE_ARCH = YES;
				SDKROOT = iphoneos;
				SWIFT_ACTIVE_COMPILATION_CONDITIONS = DEBUG;
				SWIFT_OPTIMIZATION_LEVEL = "-Onone";
			};
			name = Debug;
		};
		03E0C0A82A5AF64A00B4402F /* Release */ = {
			isa = XCBuildConfiguration;
			buildSettings = {
				ALWAYS_SEARCH_USER_PATHS = NO;
				CLANG_ANALYZER_NONNULL = YES;
				CLANG_ANALYZER_NUMBER_OBJECT_CONVERSION = YES_AGGRESSIVE;
				CLANG_CXX_LANGUAGE_STANDARD = "gnu++20";
				CLANG_ENABLE_MODULES = YES;
				CLANG_ENABLE_OBJC_ARC = YES;
				CLANG_ENABLE_OBJC_WEAK = YES;
				CLANG_WARN_BLOCK_CAPTURE_AUTORELEASING = YES;
				CLANG_WARN_BOOL_CONVERSION = YES;
				CLANG_WARN_COMMA = YES;
				CLANG_WARN_CONSTANT_CONVERSION = YES;
				CLANG_WARN_DEPRECATED_OBJC_IMPLEMENTATIONS = YES;
				CLANG_WARN_DIRECT_OBJC_ISA_USAGE = YES_ERROR;
				CLANG_WARN_DOCUMENTATION_COMMENTS = YES;
				CLANG_WARN_EMPTY_BODY = YES;
				CLANG_WARN_ENUM_CONVERSION = YES;
				CLANG_WARN_INFINITE_RECURSION = YES;
				CLANG_WARN_INT_CONVERSION = YES;
				CLANG_WARN_NON_LITERAL_NULL_CONVERSION = YES;
				CLANG_WARN_OBJC_IMPLICIT_RETAIN_SELF = YES;
				CLANG_WARN_OBJC_LITERAL_CONVERSION = YES;
				CLANG_WARN_OBJC_ROOT_CLASS = YES_ERROR;
				CLANG_WARN_QUOTED_INCLUDE_IN_FRAMEWORK_HEADER = YES;
				CLANG_WARN_RANGE_LOOP_ANALYSIS = YES;
				CLANG_WARN_STRICT_PROTOTYPES = YES;
				CLANG_WARN_SUSPICIOUS_MOVE = YES;
				CLANG_WARN_UNGUARDED_AVAILABILITY = YES_AGGRESSIVE;
				CLANG_WARN_UNREACHABLE_CODE = YES;
				CLANG_WARN__DUPLICATE_METHOD_MATCH = YES;
				COPY_PHASE_STRIP = NO;
				DEBUG_INFORMATION_FORMAT = "dwarf-with-dsym";
				ENABLE_NS_ASSERTIONS = NO;
				ENABLE_STRICT_OBJC_MSGSEND = YES;
				GCC_C_LANGUAGE_STANDARD = gnu11;
				GCC_NO_COMMON_BLOCKS = YES;
				GCC_WARN_64_TO_32_BIT_CONVERSION = YES;
				GCC_WARN_ABOUT_RETURN_TYPE = YES_ERROR;
				GCC_WARN_UNDECLARED_SELECTOR = YES;
				GCC_WARN_UNINITIALIZED_AUTOS = YES_AGGRESSIVE;
				GCC_WARN_UNUSED_FUNCTION = YES;
				GCC_WARN_UNUSED_VARIABLE = YES;
				IPHONEOS_DEPLOYMENT_TARGET = 16.2;
				MTL_ENABLE_DEBUG_INFO = NO;
				MTL_FAST_MATH = YES;
				SDKROOT = iphoneos;
				SWIFT_COMPILATION_MODE = wholemodule;
				SWIFT_OPTIMIZATION_LEVEL = "-O";
				VALIDATE_PRODUCT = YES;
			};
			name = Release;
		};
		03E0C0AA2A5AF64A00B4402F /* Debug */ = {
			isa = XCBuildConfiguration;
			baseConfigurationReference = C952800AC79DBC2EBC67CED8 /* Pods-KlivvrSocialAppIOS.debug.xcconfig */;
			buildSettings = {
				ASSETCATALOG_COMPILER_APPICON_NAME = AppIcon;
				ASSETCATALOG_COMPILER_GLOBAL_ACCENT_COLOR_NAME = AccentColor;
				CODE_SIGN_STYLE = Automatic;
				CURRENT_PROJECT_VERSION = 1;
				GENERATE_INFOPLIST_FILE = YES;
				INFOPLIST_FILE = KlivvrSocialAppIOS/KlivvrFoundation/Configuration/Info.plist;
				INFOPLIST_KEY_UIApplicationSupportsIndirectInputEvents = YES;
				INFOPLIST_KEY_UILaunchStoryboardName = LaunchScreen;
				INFOPLIST_KEY_UIMainStoryboardFile = "";
				INFOPLIST_KEY_UISupportedInterfaceOrientations_iPad = "UIInterfaceOrientationPortrait UIInterfaceOrientationPortraitUpsideDown UIInterfaceOrientationLandscapeLeft UIInterfaceOrientationLandscapeRight";
				INFOPLIST_KEY_UISupportedInterfaceOrientations_iPhone = "UIInterfaceOrientationPortrait UIInterfaceOrientationLandscapeLeft UIInterfaceOrientationLandscapeRight";
				LD_RUNPATH_SEARCH_PATHS = (
					"$(inherited)",
					"@executable_path/Frameworks",
				);
				MARKETING_VERSION = 1.0;
				PRODUCT_BUNDLE_IDENTIFIER = ITI.KlivvrSocialAppIOS;
				PRODUCT_NAME = "$(TARGET_NAME)";
				SWIFT_EMIT_LOC_STRINGS = YES;
				SWIFT_VERSION = 5.0;
				TARGETED_DEVICE_FAMILY = "1,2";
			};
			name = Debug;
		};
		03E0C0AB2A5AF64A00B4402F /* Release */ = {
			isa = XCBuildConfiguration;
			baseConfigurationReference = BD6357643E745FE4479CBCE0 /* Pods-KlivvrSocialAppIOS.release.xcconfig */;
			buildSettings = {
				ASSETCATALOG_COMPILER_APPICON_NAME = AppIcon;
				ASSETCATALOG_COMPILER_GLOBAL_ACCENT_COLOR_NAME = AccentColor;
				CODE_SIGN_STYLE = Automatic;
				CURRENT_PROJECT_VERSION = 1;
				GENERATE_INFOPLIST_FILE = YES;
				INFOPLIST_FILE = KlivvrSocialAppIOS/KlivvrFoundation/Configuration/Info.plist;
				INFOPLIST_KEY_UIApplicationSupportsIndirectInputEvents = YES;
				INFOPLIST_KEY_UILaunchStoryboardName = LaunchScreen;
				INFOPLIST_KEY_UIMainStoryboardFile = "";
				INFOPLIST_KEY_UISupportedInterfaceOrientations_iPad = "UIInterfaceOrientationPortrait UIInterfaceOrientationPortraitUpsideDown UIInterfaceOrientationLandscapeLeft UIInterfaceOrientationLandscapeRight";
				INFOPLIST_KEY_UISupportedInterfaceOrientations_iPhone = "UIInterfaceOrientationPortrait UIInterfaceOrientationLandscapeLeft UIInterfaceOrientationLandscapeRight";
				LD_RUNPATH_SEARCH_PATHS = (
					"$(inherited)",
					"@executable_path/Frameworks",
				);
				MARKETING_VERSION = 1.0;
				PRODUCT_BUNDLE_IDENTIFIER = ITI.KlivvrSocialAppIOS;
				PRODUCT_NAME = "$(TARGET_NAME)";
				SWIFT_EMIT_LOC_STRINGS = YES;
				SWIFT_VERSION = 5.0;
				TARGETED_DEVICE_FAMILY = "1,2";
			};
			name = Release;
		};
		03E0C0AD2A5AF64A00B4402F /* Debug */ = {
			isa = XCBuildConfiguration;
			baseConfigurationReference = 42B845C96475E5D9726DDFE3 /* Pods-KlivvrSocialAppIOSTests.debug.xcconfig */;
			buildSettings = {
				ALWAYS_EMBED_SWIFT_STANDARD_LIBRARIES = YES;
				BUNDLE_LOADER = "$(TEST_HOST)";
				CODE_SIGN_STYLE = Automatic;
				CURRENT_PROJECT_VERSION = 1;
				GENERATE_INFOPLIST_FILE = YES;
				IPHONEOS_DEPLOYMENT_TARGET = 16.2;
				MARKETING_VERSION = 1.0;
				PRODUCT_BUNDLE_IDENTIFIER = ITI.KlivvrSocialAppIOSTests;
				PRODUCT_NAME = "$(TARGET_NAME)";
				SWIFT_EMIT_LOC_STRINGS = NO;
				SWIFT_VERSION = 5.0;
				TARGETED_DEVICE_FAMILY = "1,2";
				TEST_HOST = "$(BUILT_PRODUCTS_DIR)/KlivvrSocialAppIOS.app/$(BUNDLE_EXECUTABLE_FOLDER_PATH)/KlivvrSocialAppIOS";
			};
			name = Debug;
		};
		03E0C0AE2A5AF64A00B4402F /* Release */ = {
			isa = XCBuildConfiguration;
			baseConfigurationReference = A6C8BBE492ADCE00399D7E23 /* Pods-KlivvrSocialAppIOSTests.release.xcconfig */;
			buildSettings = {
				ALWAYS_EMBED_SWIFT_STANDARD_LIBRARIES = YES;
				BUNDLE_LOADER = "$(TEST_HOST)";
				CODE_SIGN_STYLE = Automatic;
				CURRENT_PROJECT_VERSION = 1;
				GENERATE_INFOPLIST_FILE = YES;
				IPHONEOS_DEPLOYMENT_TARGET = 16.2;
				MARKETING_VERSION = 1.0;
				PRODUCT_BUNDLE_IDENTIFIER = ITI.KlivvrSocialAppIOSTests;
				PRODUCT_NAME = "$(TARGET_NAME)";
				SWIFT_EMIT_LOC_STRINGS = NO;
				SWIFT_VERSION = 5.0;
				TARGETED_DEVICE_FAMILY = "1,2";
				TEST_HOST = "$(BUILT_PRODUCTS_DIR)/KlivvrSocialAppIOS.app/$(BUNDLE_EXECUTABLE_FOLDER_PATH)/KlivvrSocialAppIOS";
			};
			name = Release;
		};
		03E0C0B02A5AF64A00B4402F /* Debug */ = {
			isa = XCBuildConfiguration;
			baseConfigurationReference = 86DC69D9D78A0E934F34B276 /* Pods-KlivvrSocialAppIOS-KlivvrSocialAppIOSUITests.debug.xcconfig */;
			buildSettings = {
				ALWAYS_EMBED_SWIFT_STANDARD_LIBRARIES = YES;
				CODE_SIGN_STYLE = Automatic;
				CURRENT_PROJECT_VERSION = 1;
				GENERATE_INFOPLIST_FILE = YES;
				MARKETING_VERSION = 1.0;
				PRODUCT_BUNDLE_IDENTIFIER = ITI.KlivvrSocialAppIOSUITests;
				PRODUCT_NAME = "$(TARGET_NAME)";
				SWIFT_EMIT_LOC_STRINGS = NO;
				SWIFT_VERSION = 5.0;
				TARGETED_DEVICE_FAMILY = "1,2";
				TEST_TARGET_NAME = KlivvrSocialAppIOS;
			};
			name = Debug;
		};
		03E0C0B12A5AF64A00B4402F /* Release */ = {
			isa = XCBuildConfiguration;
			baseConfigurationReference = 58E2E1C4C9A2B6235CBE07DC /* Pods-KlivvrSocialAppIOS-KlivvrSocialAppIOSUITests.release.xcconfig */;
			buildSettings = {
				ALWAYS_EMBED_SWIFT_STANDARD_LIBRARIES = YES;
				CODE_SIGN_STYLE = Automatic;
				CURRENT_PROJECT_VERSION = 1;
				GENERATE_INFOPLIST_FILE = YES;
				MARKETING_VERSION = 1.0;
				PRODUCT_BUNDLE_IDENTIFIER = ITI.KlivvrSocialAppIOSUITests;
				PRODUCT_NAME = "$(TARGET_NAME)";
				SWIFT_EMIT_LOC_STRINGS = NO;
				SWIFT_VERSION = 5.0;
				TARGETED_DEVICE_FAMILY = "1,2";
				TEST_TARGET_NAME = KlivvrSocialAppIOS;
			};
			name = Release;
		};
/* End XCBuildConfiguration section */

/* Begin XCConfigurationList section */
		03E0C0772A5AF64600B4402F /* Build configuration list for PBXProject "KlivvrSocialAppIOS" */ = {
			isa = XCConfigurationList;
			buildConfigurations = (
				03E0C0A72A5AF64A00B4402F /* Debug */,
				03E0C0A82A5AF64A00B4402F /* Release */,
			);
			defaultConfigurationIsVisible = 0;
			defaultConfigurationName = Release;
		};
		03E0C0A92A5AF64A00B4402F /* Build configuration list for PBXNativeTarget "KlivvrSocialAppIOS" */ = {
			isa = XCConfigurationList;
			buildConfigurations = (
				03E0C0AA2A5AF64A00B4402F /* Debug */,
				03E0C0AB2A5AF64A00B4402F /* Release */,
			);
			defaultConfigurationIsVisible = 0;
			defaultConfigurationName = Release;
		};
		03E0C0AC2A5AF64A00B4402F /* Build configuration list for PBXNativeTarget "KlivvrSocialAppIOSTests" */ = {
			isa = XCConfigurationList;
			buildConfigurations = (
				03E0C0AD2A5AF64A00B4402F /* Debug */,
				03E0C0AE2A5AF64A00B4402F /* Release */,
			);
			defaultConfigurationIsVisible = 0;
			defaultConfigurationName = Release;
		};
		03E0C0AF2A5AF64A00B4402F /* Build configuration list for PBXNativeTarget "KlivvrSocialAppIOSUITests" */ = {
			isa = XCConfigurationList;
			buildConfigurations = (
				03E0C0B02A5AF64A00B4402F /* Debug */,
				03E0C0B12A5AF64A00B4402F /* Release */,
			);
			defaultConfigurationIsVisible = 0;
			defaultConfigurationName = Release;
		};
/* End XCConfigurationList section */
	};
	rootObject = 03E0C0742A5AF64600B4402F /* Project object */;
}
